
Microsoft Visual Studio Solution File, Format Version 12.00
Project("{FAE04EC0-301F-11D3-BF4B-00C04F79EFBC}") = "stage1", "stage1\stage1.csproj", "{F8E2B6AC-C604-4417-AB24-DCDE143DFBEA}"
EndProject
Project("{FAE04EC0-301F-11D3-BF4B-00C04F79EFBC}") = "stage2", "stage2\stage2.csproj", "{69599ED0-FDEC-4DD6-BD29-E437DEF4CE17}"
EndProject
Project("{FAE04EC0-301F-11D3-BF4B-00C04F79EFBC}") = "stage3", "stage3\stage3.csproj", "{E824EFFC-DC66-4B04-8ED3-C5C8A57192AF}"
EndProject
Project("{FAE04EC0-301F-11D3-BF4B-00C04F79EFBC}") = "stage4", "stage4\stage4.csproj", "{F1B8F0B0-CC51-45A8-9034-1B594406216D}"
EndProject
Global
	GlobalSection(SolutionConfigurationPlatforms) = preSolution
		Debug|Any CPU = Debug|Any CPU
		Release|Any CPU = Release|Any CPU
	EndGlobalSection
	GlobalSection(ProjectConfigurationPlatforms) = postSolution
		{F8E2B6AC-C604-4417-AB24-DCDE143DFBEA}.Debug|Any CPU.ActiveCfg = Debug|Any CPU
		{F8E2B6AC-C604-4417-AB24-DCDE143DFBEA}.Debug|Any CPU.Build.0 = Debug|Any CPU
		{F8E2B6AC-C604-4417-AB24-DCDE143DFBEA}.Release|Any CPU.ActiveCfg = Release|Any CPU
		{F8E2B6AC-C604-4417-AB24-DCDE143DFBEA}.Release|Any CPU.Build.0 = Release|Any CPU
		{69599ED0-FDEC-4DD6-BD29-E437DEF4CE17}.Debug|Any CPU.ActiveCfg = Debug|Any CPU
		{69599ED0-FDEC-4DD6-BD29-E437DEF4CE17}.Debug|Any CPU.Build.0 = Debug|Any CPU
		{69599ED0-FDEC-4DD6-BD29-E437DEF4CE17}.Release|Any CPU.ActiveCfg = Release|Any CPU
		{69599ED0-FDEC-4DD6-BD29-E437DEF4CE17}.Release|Any CPU.Build.0 = Release|Any CPU
		{E824EFFC-DC66-4B04-8ED3-C5C8A57192AF}.Debug|Any CPU.ActiveCfg = Debug|Any CPU
		{E824EFFC-DC66-4B04-8ED3-C5C8A57192AF}.Debug|Any CPU.Build.0 = Debug|Any CPU
		{E824EFFC-DC66-4B04-8ED3-C5C8A57192AF}.Release|Any CPU.ActiveCfg = Release|Any CPU
		{E824EFFC-DC66-4B04-8ED3-C5C8A57192AF}.Release|Any CPU.Build.0 = Release|Any CPU
		{F1B8F0B0-CC51-45A8-9034-1B594406216D}.Debug|Any CPU.ActiveCfg = Debug|Any CPU
		{F1B8F0B0-CC51-45A8-9034-1B594406216D}.Debug|Any CPU.Build.0 = Debug|Any CPU
		{F1B8F0B0-CC51-45A8-9034-1B594406216D}.Release|Any CPU.ActiveCfg = Release|Any CPU
		{F1B8F0B0-CC51-45A8-9034-1B594406216D}.Release|Any CPU.Build.0 = Release|Any CPU
	EndGlobalSection
EndGlobal
